
Microsoft Visual Studio Solution File, Format Version 12.00
# Visual Studio 15
VisualStudioVersion = 15.0.27130.2027
MinimumVisualStudioVersion = 10.0.40219.1
Project("{E24C65DC-7377-472B-9ABA-BC803B73C61A}") = "Hostel Management System Rushi", "Hostel Management System Rushi\", "{969E6CA5-0DA2-4683-8E46-20E51617CCE6}"
	ProjectSection(WebsiteProperties) = preProject
		TargetFrameworkMoniker = ".NETFramework,Version%3Dv4.6.1"
		Debug.AspNetCompiler.VirtualPath = "/localhost_51964"
		Debug.AspNetCompiler.PhysicalPath = "Hostel Management System Rushi\"
		Debug.AspNetCompiler.TargetPath = "PrecompiledWeb\localhost_51964\"
		Debug.AspNetCompiler.Updateable = "true"
		Debug.AspNetCompiler.ForceOverwrite = "true"
		Debug.AspNetCompiler.FixedNames = "false"
		Debug.AspNetCompiler.Debug = "True"
		Release.AspNetCompiler.VirtualPath = "/localhost_51964"
		Release.AspNetCompiler.PhysicalPath = "Hostel Management System Rushi\"
		Release.AspNetCompiler.TargetPath = "PrecompiledWeb\localhost_51964\"
		Release.AspNetCompiler.Updateable = "true"
		Release.AspNetCompiler.ForceOverwrite = "true"
		Release.AspNetCompiler.FixedNames = "false"
		Release.AspNetCompiler.Debug = "False"
		VWDPort = "51964"
		SlnRelativePath = "Hostel Management System Rushi\"
		DefaultWebSiteLanguage = "Visual C#"
	EndProjectSection
EndProject
Global
	GlobalSection(SolutionConfigurationPlatforms) = preSolution
		Debug|Any CPU = Debug|Any CPU
	EndGlobalSection
	GlobalSection(ProjectConfigurationPlatforms) = postSolution
		{969E6CA5-0DA2-4683-8E46-20E51617CCE6}.Debug|Any CPU.ActiveCfg = Debug|Any CPU
		{969E6CA5-0DA2-4683-8E46-20E51617CCE6}.Debug|Any CPU.Build.0 = Debug|Any CPU
	EndGlobalSection
	GlobalSection(SolutionProperties) = preSolution
		HideSolutionNode = FALSE
	EndGlobalSection
	GlobalSection(ExtensibilityGlobals) = postSolution
		SolutionGuid = {2E2AF6A5-573D-49B2-A3EC-EB1903DAF718}
	EndGlobalSection
EndGlobal
